
Microsoft Visual Studio Solution File, Format Version 12.00
# Visual Studio Version 17
VisualStudioVersion = 17.11.35312.102
MinimumVisualStudioVersion = 10.0.40219.1
Project("{9A19103F-16F7-4668-BE54-9A1E7A4F7556}") = "TeamProject", "TeamProject\TeamProject.csproj", "{D272A112-06FC-4D81-BDF1-1E67B1B31776}"
EndProject
Project("{9A19103F-16F7-4668-BE54-9A1E7A4F7556}") = "Service", "Service\Service.csproj", "{5DAF986A-3651-4EA9-B704-F03A0B8C2CE1}"
EndProject
Project("{FAE04EC0-301F-11D3-BF4B-00C04F79EFBC}") = "Entities", "Entities\Entities.csproj", "{8C785CF8-DD9F-4982-8225-EC9303B9C1AC}"
EndProject
Global
	GlobalSection(SolutionConfigurationPlatforms) = preSolution
		Debug|Any CPU = Debug|Any CPU
		Release|Any CPU = Release|Any CPU
	EndGlobalSection
	GlobalSection(ProjectConfigurationPlatforms) = postSolution
		{D272A112-06FC-4D81-BDF1-1E67B1B31776}.Debug|Any CPU.ActiveCfg = Debug|Any CPU
		{D272A112-06FC-4D81-BDF1-1E67B1B31776}.Debug|Any CPU.Build.0 = Debug|Any CPU
		{D272A112-06FC-4D81-BDF1-1E67B1B31776}.Release|Any CPU.ActiveCfg = Release|Any CPU
		{D272A112-06FC-4D81-BDF1-1E67B1B31776}.Release|Any CPU.Build.0 = Release|Any CPU
		{5DAF986A-3651-4EA9-B704-F03A0B8C2CE1}.Debug|Any CPU.ActiveCfg = Debug|Any CPU
		{5DAF986A-3651-4EA9-B704-F03A0B8C2CE1}.Debug|Any CPU.Build.0 = Debug|Any CPU
		{5DAF986A-3651-4EA9-B704-F03A0B8C2CE1}.Release|Any CPU.ActiveCfg = Release|Any CPU
		{5DAF986A-3651-4EA9-B704-F03A0B8C2CE1}.Release|Any CPU.Build.0 = Release|Any CPU
		{8C785CF8-DD9F-4982-8225-EC9303B9C1AC}.Debug|Any CPU.ActiveCfg = Debug|Any CPU
		{8C785CF8-DD9F-4982-8225-EC9303B9C1AC}.Debug|Any CPU.Build.0 = Debug|Any CPU
		{8C785CF8-DD9F-4982-8225-EC9303B9C1AC}.Release|Any CPU.ActiveCfg = Release|Any CPU
		{8C785CF8-DD9F-4982-8225-EC9303B9C1AC}.Release|Any CPU.Build.0 = Release|Any CPU
	EndGlobalSection
	GlobalSection(SolutionProperties) = preSolution
		HideSolutionNode = FALSE
	EndGlobalSection
	GlobalSection(ExtensibilityGlobals) = postSolution
		SolutionGuid = {19EFFD57-3B5B-40B5-8D37-748ED0BF9E86}
	EndGlobalSection
EndGlobal
